
Microsoft Visual Studio Solution File, Format Version 12.00
# Visual Studio 15
VisualStudioVersion = 15.0.27130.2010
MinimumVisualStudioVersion = 10.0.40219.1
Project("{FAE04EC0-301F-11D3-BF4B-00C04F79EFBC}") = "KinectPrototype", "KinectPrototype\KinectPrototype.csproj", "{3472D083-B5E1-4F6F-8637-B3736B5D5A9F}"
EndProject
Project("{FAE04EC0-301F-11D3-BF4B-00C04F79EFBC}") = "KinectHelperLibrary", "..\KinectHelperLibrary\KinectHelperLibrary\KinectHelperLibrary.csproj", "{BB03A05E-8E72-458F-A494-C3243E173964}"
EndProject
Project("{FAE04EC0-301F-11D3-BF4B-00C04F79EFBC}") = "SerialComm", "..\SerialComm\SerialComm\SerialComm.csproj", "{13100A35-7740-412B-B4EC-C27335A4B86E}"
EndProject
Project("{FAE04EC0-301F-11D3-BF4B-00C04F79EFBC}") = "FileManagement", "FileManagement\FileManagement.csproj", "{13F413E5-8E7B-4FB9-8B25-092082F3CEBE}"
EndProject
Global
	GlobalSection(SolutionConfigurationPlatforms) = preSolution
		Debug|Any CPU = Debug|Any CPU
		Debug|x64 = Debug|x64
		Debug|x86 = Debug|x86
		Release|Any CPU = Release|Any CPU
		Release|x64 = Release|x64
		Release|x86 = Release|x86
	EndGlobalSection
	GlobalSection(ProjectConfigurationPlatforms) = postSolution
		{3472D083-B5E1-4F6F-8637-B3736B5D5A9F}.Debug|Any CPU.ActiveCfg = Debug|Any CPU
		{3472D083-B5E1-4F6F-8637-B3736B5D5A9F}.Debug|Any CPU.Build.0 = Debug|Any CPU
		{3472D083-B5E1-4F6F-8637-B3736B5D5A9F}.Debug|x64.ActiveCfg = Debug|Any CPU
		{3472D083-B5E1-4F6F-8637-B3736B5D5A9F}.Debug|x64.Build.0 = Debug|Any CPU
		{3472D083-B5E1-4F6F-8637-B3736B5D5A9F}.Debug|x86.ActiveCfg = Debug|Any CPU
		{3472D083-B5E1-4F6F-8637-B3736B5D5A9F}.Debug|x86.Build.0 = Debug|Any CPU
		{3472D083-B5E1-4F6F-8637-B3736B5D5A9F}.Release|Any CPU.ActiveCfg = Release|Any CPU
		{3472D083-B5E1-4F6F-8637-B3736B5D5A9F}.Release|Any CPU.Build.0 = Release|Any CPU
		{3472D083-B5E1-4F6F-8637-B3736B5D5A9F}.Release|x64.ActiveCfg = Release|Any CPU
		{3472D083-B5E1-4F6F-8637-B3736B5D5A9F}.Release|x64.Build.0 = Release|Any CPU
		{3472D083-B5E1-4F6F-8637-B3736B5D5A9F}.Release|x86.ActiveCfg = Release|Any CPU
		{3472D083-B5E1-4F6F-8637-B3736B5D5A9F}.Release|x86.Build.0 = Release|Any CPU
		{BB03A05E-8E72-458F-A494-C3243E173964}.Debug|Any CPU.ActiveCfg = Debug|Any CPU
		{BB03A05E-8E72-458F-A494-C3243E173964}.Debug|Any CPU.Build.0 = Debug|Any CPU
		{BB03A05E-8E72-458F-A494-C3243E173964}.Debug|x64.ActiveCfg = Debug|Any CPU
		{BB03A05E-8E72-458F-A494-C3243E173964}.Debug|x64.Build.0 = Debug|Any CPU
		{BB03A05E-8E72-458F-A494-C3243E173964}.Debug|x86.ActiveCfg = Debug|Any CPU
		{BB03A05E-8E72-458F-A494-C3243E173964}.Debug|x86.Build.0 = Debug|Any CPU
		{BB03A05E-8E72-458F-A494-C3243E173964}.Release|Any CPU.ActiveCfg = Release|Any CPU
		{BB03A05E-8E72-458F-A494-C3243E173964}.Release|Any CPU.Build.0 = Release|Any CPU
		{BB03A05E-8E72-458F-A494-C3243E173964}.Release|x64.ActiveCfg = Release|Any CPU
		{BB03A05E-8E72-458F-A494-C3243E173964}.Release|x64.Build.0 = Release|Any CPU
		{BB03A05E-8E72-458F-A494-C3243E173964}.Release|x86.ActiveCfg = Release|Any CPU
		{BB03A05E-8E72-458F-A494-C3243E173964}.Release|x86.Build.0 = Release|Any CPU
		{13100A35-7740-412B-B4EC-C27335A4B86E}.Debug|Any CPU.ActiveCfg = Debug|Any CPU
		{13100A35-7740-412B-B4EC-C27335A4B86E}.Debug|Any CPU.Build.0 = Debug|Any CPU
		{13100A35-7740-412B-B4EC-C27335A4B86E}.Debug|x64.ActiveCfg = Debug|Any CPU
		{13100A35-7740-412B-B4EC-C27335A4B86E}.Debug|x64.Build.0 = Debug|Any CPU
		{13100A35-7740-412B-B4EC-C27335A4B86E}.Debug|x86.ActiveCfg = Debug|Any CPU
		{13100A35-7740-412B-B4EC-C27335A4B86E}.Debug|x86.Build.0 = Debug|Any CPU
		{13100A35-7740-412B-B4EC-C27335A4B86E}.Release|Any CPU.ActiveCfg = Release|Any CPU
		{13100A35-7740-412B-B4EC-C27335A4B86E}.Release|Any CPU.Build.0 = Release|Any CPU
		{13100A35-7740-412B-B4EC-C27335A4B86E}.Release|x64.ActiveCfg = Release|Any CPU
		{13100A35-7740-412B-B4EC-C27335A4B86E}.Release|x64.Build.0 = Release|Any CPU
		{13100A35-7740-412B-B4EC-C27335A4B86E}.Release|x86.ActiveCfg = Release|Any CPU
		{13100A35-7740-412B-B4EC-C27335A4B86E}.Release|x86.Build.0 = Release|Any CPU
		{13F413E5-8E7B-4FB9-8B25-092082F3CEBE}.Debug|Any CPU.ActiveCfg = Debug|Any CPU
		{13F413E5-8E7B-4FB9-8B25-092082F3CEBE}.Debug|Any CPU.Build.0 = Debug|Any CPU
		{13F413E5-8E7B-4FB9-8B25-092082F3CEBE}.Debug|x64.ActiveCfg = Debug|Any CPU
		{13F413E5-8E7B-4FB9-8B25-092082F3CEBE}.Debug|x64.Build.0 = Debug|Any CPU
		{13F413E5-8E7B-4FB9-8B25-092082F3CEBE}.Debug|x86.ActiveCfg = Debug|Any CPU
		{13F413E5-8E7B-4FB9-8B25-092082F3CEBE}.Debug|x86.Build.0 = Debug|Any CPU
		{13F413E5-8E7B-4FB9-8B25-092082F3CEBE}.Release|Any CPU.ActiveCfg = Release|Any CPU
		{13F413E5-8E7B-4FB9-8B25-092082F3CEBE}.Release|Any CPU.Build.0 = Release|Any CPU
		{13F413E5-8E7B-4FB9-8B25-092082F3CEBE}.Release|x64.ActiveCfg = Release|Any CPU
		{13F413E5-8E7B-4FB9-8B25-092082F3CEBE}.Release|x64.Build.0 = Release|Any CPU
		{13F413E5-8E7B-4FB9-8B25-092082F3CEBE}.Release|x86.ActiveCfg = Release|Any CPU
		{13F413E5-8E7B-4FB9-8B25-092082F3CEBE}.Release|x86.Build.0 = Release|Any CPU
	EndGlobalSection
	GlobalSection(SolutionProperties) = preSolution
		HideSolutionNode = FALSE
	EndGlobalSection
	GlobalSection(ExtensibilityGlobals) = postSolution
		SolutionGuid = {24CA50E2-17B7-4EA7-A1F6-559F8F200A31}
	EndGlobalSection
EndGlobal
