
Microsoft Visual Studio Solution File, Format Version 12.00
# Visual Studio 15
VisualStudioVersion = 15.0.27130.2010
MinimumVisualStudioVersion = 10.0.40219.1
Project("{FAE04EC0-301F-11D3-BF4B-00C04F79EFBC}") = "SerialComm", "SerialComm\SerialComm.csproj", "{13100A35-7740-412B-B4EC-C27335A4B86E}"
EndProject
Global
	GlobalSection(SolutionConfigurationPlatforms) = preSolution
		Debug|Any CPU = Debug|Any CPU
		Release|Any CPU = Release|Any CPU
	EndGlobalSection
	GlobalSection(ProjectConfigurationPlatforms) = postSolution
		{13100A35-7740-412B-B4EC-C27335A4B86E}.Debug|Any CPU.ActiveCfg = Debug|Any CPU
		{13100A35-7740-412B-B4EC-C27335A4B86E}.Debug|Any CPU.Build.0 = Debug|Any CPU
		{13100A35-7740-412B-B4EC-C27335A4B86E}.Release|Any CPU.ActiveCfg = Release|Any CPU
		{13100A35-7740-412B-B4EC-C27335A4B86E}.Release|Any CPU.Build.0 = Release|Any CPU
	EndGlobalSection
	GlobalSection(SolutionProperties) = preSolution
		HideSolutionNode = FALSE
	EndGlobalSection
	GlobalSection(ExtensibilityGlobals) = postSolution
		SolutionGuid = {EA9104A0-348F-47E6-B616-4BEC0D9C1729}
	EndGlobalSection
EndGlobal
